
Microsoft Visual Studio Solution File, Format Version 12.00
# Visual Studio Version 17
VisualStudioVersion = 17.11.35312.102
MinimumVisualStudioVersion = 10.0.40219.1
Project("{9A19103F-16F7-4668-BE54-9A1E7A4F7556}") = "DataAccess", "DataAccess\DataAccess.csproj", "{84F5048E-DAD1-465E-912E-8A62A38C77F7}"
EndProject
Project("{9A19103F-16F7-4668-BE54-9A1E7A4F7556}") = "GUI", "GUI\GUI.csproj", "{385D61B0-F2E1-4DD7-92F3-908D765061A3}"
EndProject
Project("{9A19103F-16F7-4668-BE54-9A1E7A4F7556}") = "Models", "Models\Models.csproj", "{F1FB209A-3CEC-458B-8BC4-5CAE86B14344}"
EndProject
Project("{9A19103F-16F7-4668-BE54-9A1E7A4F7556}") = "Services", "Services\Services.csproj", "{7CA560E1-CBED-4958-AED3-13FC60D063BB}"
EndProject
Global
	GlobalSection(SolutionConfigurationPlatforms) = preSolution
		Debug|Any CPU = Debug|Any CPU
		Release|Any CPU = Release|Any CPU
	EndGlobalSection
	GlobalSection(ProjectConfigurationPlatforms) = postSolution
		{84F5048E-DAD1-465E-912E-8A62A38C77F7}.Debug|Any CPU.ActiveCfg = Debug|Any CPU
		{84F5048E-DAD1-465E-912E-8A62A38C77F7}.Debug|Any CPU.Build.0 = Debug|Any CPU
		{84F5048E-DAD1-465E-912E-8A62A38C77F7}.Release|Any CPU.ActiveCfg = Release|Any CPU
		{84F5048E-DAD1-465E-912E-8A62A38C77F7}.Release|Any CPU.Build.0 = Release|Any CPU
		{385D61B0-F2E1-4DD7-92F3-908D765061A3}.Debug|Any CPU.ActiveCfg = Debug|Any CPU
		{385D61B0-F2E1-4DD7-92F3-908D765061A3}.Debug|Any CPU.Build.0 = Debug|Any CPU
		{385D61B0-F2E1-4DD7-92F3-908D765061A3}.Release|Any CPU.ActiveCfg = Release|Any CPU
		{385D61B0-F2E1-4DD7-92F3-908D765061A3}.Release|Any CPU.Build.0 = Release|Any CPU
		{F1FB209A-3CEC-458B-8BC4-5CAE86B14344}.Debug|Any CPU.ActiveCfg = Debug|Any CPU
		{F1FB209A-3CEC-458B-8BC4-5CAE86B14344}.Debug|Any CPU.Build.0 = Debug|Any CPU
		{F1FB209A-3CEC-458B-8BC4-5CAE86B14344}.Release|Any CPU.ActiveCfg = Release|Any CPU
		{F1FB209A-3CEC-458B-8BC4-5CAE86B14344}.Release|Any CPU.Build.0 = Release|Any CPU
		{7CA560E1-CBED-4958-AED3-13FC60D063BB}.Debug|Any CPU.ActiveCfg = Debug|Any CPU
		{7CA560E1-CBED-4958-AED3-13FC60D063BB}.Debug|Any CPU.Build.0 = Debug|Any CPU
		{7CA560E1-CBED-4958-AED3-13FC60D063BB}.Release|Any CPU.ActiveCfg = Release|Any CPU
		{7CA560E1-CBED-4958-AED3-13FC60D063BB}.Release|Any CPU.Build.0 = Release|Any CPU
	EndGlobalSection
	GlobalSection(SolutionProperties) = preSolution
		HideSolutionNode = FALSE
	EndGlobalSection
	GlobalSection(ExtensibilityGlobals) = postSolution
		SolutionGuid = {2D2B25D3-E0E6-4CFB-AC18-CB43939D8B21}
	EndGlobalSection
EndGlobal
